// !$*UTF8*$!
{
	archiveVersion = 1;
	classes = {
	};
	objectVersion = 45;
	objects = {

/* Begin PBXBuildFile section */
		1D3623260D0F684500981E51 /* TicTacToeAppDelegate.m in Sources */ = {isa = PBXBuildFile; fileRef = 1D3623250D0F684500981E51 /* TicTacToeAppDelegate.m */; };
		1D60589B0D05DD56006BFB54 /* main.m in Sources */ = {isa = PBXBuildFile; fileRef = 29B97316FDCFA39411CA2CEA /* main.m */; };
		1D60589F0D05DD5A006BFB54 /* Foundation.framework in Frameworks */ = {isa = PBXBuildFile; fileRef = 1D30AB110D05D00D00671497 /* Foundation.framework */; };
		1DF5F4E00D08C38300B7A737 /* UIKit.framework in Frameworks */ = {isa = PBXBuildFile; fileRef = 1DF5F4DF0D08C38300B7A737 /* UIKit.framework */; };
		288765FD0DF74451002DB57D /* CoreGraphics.framework in Frameworks */ = {isa = PBXBuildFile; fileRef = 288765FC0DF74451002DB57D /* CoreGraphics.framework */; };
		28AD733F0D9D9553002E5188 /* MainWindow.xib in Resources */ = {isa = PBXBuildFile; fileRef = 28AD733E0D9D9553002E5188 /* MainWindow.xib */; };
		D63EE9EA10A8319000ADA968 /* Player.m in Sources */ = {isa = PBXBuildFile; fileRef = D63EE9E910A8319000ADA968 /* Player.m */; };
		D673BF6A10A40069005B888A /* GameController.m in Sources */ = {isa = PBXBuildFile; fileRef = D673BF6910A40069005B888A /* GameController.m */; };
		D681EA2810A463E400E43500 /* select.au in Resources */ = {isa = PBXBuildFile; fileRef = D681EA2310A463E400E43500 /* select.au */; };
		D681EA2910A463E400E43500 /* intro.au in Resources */ = {isa = PBXBuildFile; fileRef = D681EA2410A463E400E43500 /* intro.au */; };
		D681EA2A10A463E400E43500 /* drag.au in Resources */ = {isa = PBXBuildFile; fileRef = D681EA2510A463E400E43500 /* drag.au */; };
		D681EA2B10A463E400E43500 /* tie.au in Resources */ = {isa = PBXBuildFile; fileRef = D681EA2610A463E400E43500 /* tie.au */; };
		D681EA2C10A463E400E43500 /* win.au in Resources */ = {isa = PBXBuildFile; fileRef = D681EA2710A463E400E43500 /* win.au */; };
		D681EAF410A4756500E43500 /* AVFoundation.framework in Frameworks */ = {isa = PBXBuildFile; fileRef = D681EAF310A4756500E43500 /* AVFoundation.framework */; };
		D6F7D95810A2B815009C0814 /* Board.m in Sources */ = {isa = PBXBuildFile; fileRef = D6F7D95710A2B815009C0814 /* Board.m */; };
		D6F7D95B10A2B846009C0814 /* Pane.m in Sources */ = {isa = PBXBuildFile; fileRef = D6F7D95A10A2B846009C0814 /* Pane.m */; };
		D6F7DBDE10A2F26E009C0814 /* TicTacToeCell.m in Sources */ = {isa = PBXBuildFile; fileRef = D6F7DBDD10A2F26E009C0814 /* TicTacToeCell.m */; };
/* End PBXBuildFile section */

/* Begin PBXFileReference section */
		1D30AB110D05D00D00671497 /* Foundation.framework */ = {isa = PBXFileReference; lastKnownFileType = wrapper.framework; name = Foundation.framework; path = System/Library/Frameworks/Foundation.framework; sourceTree = SDKROOT; };
		1D3623240D0F684500981E51 /* TicTacToeAppDelegate.h */ = {isa = PBXFileReference; fileEncoding = 4; lastKnownFileType = sourcecode.c.h; path = TicTacToeAppDelegate.h; sourceTree = "<group>"; };
		1D3623250D0F684500981E51 /* TicTacToeAppDelegate.m */ = {isa = PBXFileReference; fileEncoding = 4; lastKnownFileType = sourcecode.c.objc; path = TicTacToeAppDelegate.m; sourceTree = "<group>"; };
		1D6058910D05DD3D006BFB54 /* TicTacToe.app */ = {isa = PBXFileReference; explicitFileType = wrapper.application; includeInIndex = 0; path = TicTacToe.app; sourceTree = BUILT_PRODUCTS_DIR; };
		1DF5F4DF0D08C38300B7A737 /* UIKit.framework */ = {isa = PBXFileReference; lastKnownFileType = wrapper.framework; name = UIKit.framework; path = System/Library/Frameworks/UIKit.framework; sourceTree = SDKROOT; };
		288765FC0DF74451002DB57D /* CoreGraphics.framework */ = {isa = PBXFileReference; lastKnownFileType = wrapper.framework; name = CoreGraphics.framework; path = System/Library/Frameworks/CoreGraphics.framework; sourceTree = SDKROOT; };
		28AD733E0D9D9553002E5188 /* MainWindow.xib */ = {isa = PBXFileReference; lastKnownFileType = file.xib; path = MainWindow.xib; sourceTree = "<group>"; };
		29B97316FDCFA39411CA2CEA /* main.m */ = {isa = PBXFileReference; fileEncoding = 4; lastKnownFileType = sourcecode.c.objc; path = main.m; sourceTree = "<group>"; };
		32CA4F630368D1EE00C91783 /* TicTacToe_Prefix.pch */ = {isa = PBXFileReference; fileEncoding = 4; lastKnownFileType = sourcecode.c.h; path = TicTacToe_Prefix.pch; sourceTree = "<group>"; };
		8D1107310486CEB800E47090 /* TicTacToe-Info.plist */ = {isa = PBXFileReference; fileEncoding = 4; lastKnownFileType = text.plist.xml; path = "TicTacToe-Info.plist"; plistStructureDefinitionIdentifier = "com.apple.xcode.plist.structure-definition.iphone.info-plist"; sourceTree = "<group>"; };
		D63EE9E810A8319000ADA968 /* Player.h */ = {isa = PBXFileReference; fileEncoding = 4; lastKnownFileType = sourcecode.c.h; path = Player.h; sourceTree = "<group>"; };
		D63EE9E910A8319000ADA968 /* Player.m */ = {isa = PBXFileReference; fileEncoding = 4; lastKnownFileType = sourcecode.c.objc; path = Player.m; sourceTree = "<group>"; };
		D673BF6810A40069005B888A /* GameController.h */ = {isa = PBXFileReference; fileEncoding = 4; lastKnownFileType = sourcecode.c.h; path = GameController.h; sourceTree = "<group>"; };
		D673BF6910A40069005B888A /* GameController.m */ = {isa = PBXFileReference; fileEncoding = 4; lastKnownFileType = sourcecode.c.objc; path = GameController.m; sourceTree = "<group>"; };
		D681EA2310A463E400E43500 /* select.au */ = {isa = PBXFileReference; lastKnownFileType = audio.au; name = select.au; path = Audio/select.au; sourceTree = "<group>"; };
		D681EA2410A463E400E43500 /* intro.au */ = {isa = PBXFileReference; lastKnownFileType = audio.au; name = intro.au; path = Audio/intro.au; sourceTree = "<group>"; };
		D681EA2510A463E400E43500 /* drag.au */ = {isa = PBXFileReference; lastKnownFileType = audio.au; name = drag.au; path = Audio/drag.au; sourceTree = "<group>"; };
		D681EA2610A463E400E43500 /* tie.au */ = {isa = PBXFileReference; lastKnownFileType = audio.au; name = tie.au; path = Audio/tie.au; sourceTree = "<group>"; };
		D681EA2710A463E400E43500 /* win.au */ = {isa = PBXFileReference; lastKnownFileType = audio.au; name = win.au; path = Audio/win.au; sourceTree = "<group>"; };
		D681EAF310A4756500E43500 /* AVFoundation.framework */ = {isa = PBXFileReference; lastKnownFileType = wrapper.framework; name = AVFoundation.framework; path = System/Library/Frameworks/AVFoundation.framework; sourceTree = SDKROOT; };
		D6F7D95610A2B815009C0814 /* Board.h */ = {isa = PBXFileReference; fileEncoding = 4; lastKnownFileType = sourcecode.c.h; path = Board.h; sourceTree = "<group>"; };
		D6F7D95710A2B815009C0814 /* Board.m */ = {isa = PBXFileReference; fileEncoding = 4; lastKnownFileType = sourcecode.c.objc; path = Board.m; sourceTree = "<group>"; };
		D6F7D95910A2B846009C0814 /* Pane.h */ = {isa = PBXFileReference; fileEncoding = 4; lastKnownFileType = sourcecode.c.h; path = Pane.h; sourceTree = "<group>"; };
		D6F7D95A10A2B846009C0814 /* Pane.m */ = {isa = PBXFileReference; fileEncoding = 4; lastKnownFileType = sourcecode.c.objc; path = Pane.m; sourceTree = "<group>"; };
		D6F7DBDC10A2F26E009C0814 /* TicTacToeCell.h */ = {isa = PBXFileReference; fileEncoding = 4; lastKnownFileType = sourcecode.c.h; path = TicTacToeCell.h; sourceTree = "<group>"; };
		D6F7DBDD10A2F26E009C0814 /* TicTacToeCell.m */ = {isa = PBXFileReference; fileEncoding = 4; lastKnownFileType = sourcecode.c.objc; path = TicTacToeCell.m; sourceTree = "<group>"; };
/* End PBXFileReference section */

/* Begin PBXFrameworksBuildPhase section */
		1D60588F0D05DD3D006BFB54 /* Frameworks */ = {
			isa = PBXFrameworksBuildPhase;
			buildActionMask = 2147483647;
			files = (
				1D60589F0D05DD5A006BFB54 /* Foundation.framework in Frameworks */,
				1DF5F4E00D08C38300B7A737 /* UIKit.framework in Frameworks */,
				288765FD0DF74451002DB57D /* CoreGraphics.framework in Frameworks */,
				D681EAF410A4756500E43500 /* AVFoundation.framework in Frameworks */,
			);
			runOnlyForDeploymentPostprocessing = 0;
		};
/* End PBXFrameworksBuildPhase section */

/* Begin PBXGroup section */
		080E96DDFE201D6D7F000001 /* Classes */ = {
			isa = PBXGroup;
			children = (
				D6F7DBDC10A2F26E009C0814 /* TicTacToeCell.h */,
				D6F7DBDD10A2F26E009C0814 /* TicTacToeCell.m */,
				D6F7D95910A2B846009C0814 /* Pane.h */,
				D6F7D95A10A2B846009C0814 /* Pane.m */,
				1D3623240D0F684500981E51 /* TicTacToeAppDelegate.h */,
				1D3623250D0F684500981E51 /* TicTacToeAppDelegate.m */,
				D6F7D95610A2B815009C0814 /* Board.h */,
				D6F7D95710A2B815009C0814 /* Board.m */,
				D673BF6810A40069005B888A /* GameController.h */,
				D673BF6910A40069005B888A /* GameController.m */,
				D63EE9E810A8319000ADA968 /* Player.h */,
				D63EE9E910A8319000ADA968 /* Player.m */,
			);
			path = Classes;
			sourceTree = "<group>";
		};
		19C28FACFE9D520D11CA2CBB /* Products */ = {
			isa = PBXGroup;
			children = (
				1D6058910D05DD3D006BFB54 /* TicTacToe.app */,
			);
			name = Products;
			sourceTree = "<group>";
		};
		29B97314FDCFA39411CA2CEA /* CustomTemplate */ = {
			isa = PBXGroup;
			children = (
				080E96DDFE201D6D7F000001 /* Classes */,
				29B97315FDCFA39411CA2CEA /* Other Sources */,
				29B97317FDCFA39411CA2CEA /* Resources */,
				29B97323FDCFA39411CA2CEA /* Frameworks */,
				19C28FACFE9D520D11CA2CBB /* Products */,
			);
			name = CustomTemplate;
			sourceTree = "<group>";
		};
		29B97315FDCFA39411CA2CEA /* Other Sources */ = {
			isa = PBXGroup;
			children = (
				32CA4F630368D1EE00C91783 /* TicTacToe_Prefix.pch */,
				29B97316FDCFA39411CA2CEA /* main.m */,
			);
			name = "Other Sources";
			sourceTree = "<group>";
		};
		29B97317FDCFA39411CA2CEA /* Resources */ = {
			isa = PBXGroup;
			children = (
				D681EA2210A463C300E43500 /* Audio */,
				28AD733E0D9D9553002E5188 /* MainWindow.xib */,
				8D1107310486CEB800E47090 /* TicTacToe-Info.plist */,
			);
			name = Resources;
			sourceTree = "<group>";
		};
		29B97323FDCFA39411CA2CEA /* Frameworks */ = {
			isa = PBXGroup;
			children = (
				D681EAF310A4756500E43500 /* AVFoundation.framework */,
				1DF5F4DF0D08C38300B7A737 /* UIKit.framework */,
				1D30AB110D05D00D00671497 /* Foundation.framework */,
				288765FC0DF74451002DB57D /* CoreGraphics.framework */,
			);
			name = Frameworks;
			sourceTree = "<group>";
		};
		D681EA2210A463C300E43500 /* Audio */ = {
			isa = PBXGroup;
			children = (
				D681EA2310A463E400E43500 /* select.au */,
				D681EA2410A463E400E43500 /* intro.au */,
				D681EA2510A463E400E43500 /* drag.au */,
				D681EA2610A463E400E43500 /* tie.au */,
				D681EA2710A463E400E43500 /* win.au */,
			);
			name = Audio;
			sourceTree = "<group>";
		};
/* End PBXGroup section */

/* Begin PBXNativeTarget section */
		1D6058900D05DD3D006BFB54 /* TicTacToe */ = {
			isa = PBXNativeTarget;
			buildConfigurationList = 1D6058960D05DD3E006BFB54 /* Build configuration list for PBXNativeTarget "TicTacToe" */;
			buildPhases = (
				1D60588D0D05DD3D006BFB54 /* Resources */,
				1D60588E0D05DD3D006BFB54 /* Sources */,
				1D60588F0D05DD3D006BFB54 /* Frameworks */,
			);
			buildRules = (
			);
			dependencies = (
			);
			name = TicTacToe;
			productName = TicTacToe;
			productReference = 1D6058910D05DD3D006BFB54 /* TicTacToe.app */;
			productType = "com.apple.product-type.application";
		};
/* End PBXNativeTarget section */

/* Begin PBXProject section */
		29B97313FDCFA39411CA2CEA /* Project object */ = {
			isa = PBXProject;
			buildConfigurationList = C01FCF4E08A954540054247B /* Build configuration list for PBXProject "TicTacToe" */;
			compatibilityVersion = "Xcode 3.1";
			hasScannedForEncodings = 1;
			mainGroup = 29B97314FDCFA39411CA2CEA /* CustomTemplate */;
			projectDirPath = "";
			projectRoot = "";
			targets = (
				1D6058900D05DD3D006BFB54 /* TicTacToe */,
			);
		};
/* End PBXProject section */

/* Begin PBXResourcesBuildPhase section */
		1D60588D0D05DD3D006BFB54 /* Resources */ = {
			isa = PBXResourcesBuildPhase;
			buildActionMask = 2147483647;
			files = (
				28AD733F0D9D9553002E5188 /* MainWindow.xib in Resources */,
				D681EA2810A463E400E43500 /* select.au in Resources */,
				D681EA2910A463E400E43500 /* intro.au in Resources */,
				D681EA2A10A463E400E43500 /* drag.au in Resources */,
				D681EA2B10A463E400E43500 /* tie.au in Resources */,
				D681EA2C10A463E400E43500 /* win.au in Resources */,
			);
			runOnlyForDeploymentPostprocessing = 0;
		};
/* End PBXResourcesBuildPhase section */

/* Begin PBXSourcesBuildPhase section */
		1D60588E0D05DD3D006BFB54 /* Sources */ = {
			isa = PBXSourcesBuildPhase;
			buildActionMask = 2147483647;
			files = (
				1D60589B0D05DD56006BFB54 /* main.m in Sources */,
				1D3623260D0F684500981E51 /* TicTacToeAppDelegate.m in Sources */,
				D6F7D95810A2B815009C0814 /* Board.m in Sources */,
				D6F7D95B10A2B846009C0814 /* Pane.m in Sources */,
				D6F7DBDE10A2F26E009C0814 /* TicTacToeCell.m in Sources */,
				D673BF6A10A40069005B888A /* GameController.m in Sources */,
				D63EE9EA10A8319000ADA968 /* Player.m in Sources */,
			);
			runOnlyForDeploymentPostprocessing = 0;
		};
/* End PBXSourcesBuildPhase section */

/* Begin XCBuildConfiguration section */
		1D6058940D05DD3E006BFB54 /* Debug */ = {
			isa = XCBuildConfiguration;
			buildSettings = {
				ALWAYS_SEARCH_USER_PATHS = NO;
				COPY_PHASE_STRIP = NO;
				GCC_DYNAMIC_NO_PIC = NO;
				GCC_OPTIMIZATION_LEVEL = 0;
				GCC_PRECOMPILE_PREFIX_HEADER = YES;
				GCC_PREFIX_HEADER = TicTacToe_Prefix.pch;
				INFOPLIST_FILE = "TicTacToe-Info.plist";
				PRODUCT_NAME = TicTacToe;
			};
			name = Debug;
		};
		1D6058950D05DD3E006BFB54 /* Release */ = {
			isa = XCBuildConfiguration;
			buildSettings = {
				ALWAYS_SEARCH_USER_PATHS = NO;
				COPY_PHASE_STRIP = YES;
				GCC_PRECOMPILE_PREFIX_HEADER = YES;
				GCC_PREFIX_HEADER = TicTacToe_Prefix.pch;
				INFOPLIST_FILE = "TicTacToe-Info.plist";
				PRODUCT_NAME = TicTacToe;
			};
			name = Release;
		};
		C01FCF4F08A954540054247B /* Debug */ = {
			isa = XCBuildConfiguration;
			buildSettings = {
				ARCHS = "$(ARCHS_STANDARD_32_BIT)";
				"CODE_SIGN_IDENTITY[sdk=iphoneos*]" = "iPhone Developer";
				GCC_C_LANGUAGE_STANDARD = c99;
				GCC_WARN_ABOUT_RETURN_TYPE = YES;
				GCC_WARN_UNUSED_VARIABLE = YES;
				PREBINDING = NO;
				SDKROOT = iphoneos3.1.2;
			};
			name = Debug;
		};
		C01FCF5008A954540054247B /* Release */ = {
			isa = XCBuildConfiguration;
			buildSettings = {
				ARCHS = "$(ARCHS_STANDARD_32_BIT)";
				"CODE_SIGN_IDENTITY[sdk=iphoneos*]" = "iPhone Developer";
				GCC_C_LANGUAGE_STANDARD = c99;
				GCC_WARN_ABOUT_RETURN_TYPE = YES;
				GCC_WARN_UNUSED_VARIABLE = YES;
				PREBINDING = NO;
				SDKROOT = iphoneos3.1.2;
			};
			name = Release;
		};
/* End XCBuildConfiguration section */

/* Begin XCConfigurationList section */
		1D6058960D05DD3E006BFB54 /* Build configuration list for PBXNativeTarget "TicTacToe" */ = {
			isa = XCConfigurationList;
			buildConfigurations = (
				1D6058940D05DD3E006BFB54 /* Debug */,
				1D6058950D05DD3E006BFB54 /* Release */,
			);
			defaultConfigurationIsVisible = 0;
			defaultConfigurationName = Release;
		};
		C01FCF4E08A954540054247B /* Build configuration list for PBXProject "TicTacToe" */ = {
			isa = XCConfigurationList;
			buildConfigurations = (
				C01FCF4F08A954540054247B /* Debug */,
				C01FCF5008A954540054247B /* Release */,
			);
			defaultConfigurationIsVisible = 0;
			defaultConfigurationName = Release;
		};
/* End XCConfigurationList section */
	};
	rootObject = 29B97313FDCFA39411CA2CEA /* Project object */;
}
